
Microsoft Visual Studio Solution File, Format Version 12.00
# Visual Studio Version 16
VisualStudioVersion = 16.0.28527.54
MinimumVisualStudioVersion = 10.0.40219.1
Project("{FAE04EC0-301F-11D3-BF4B-00C04F79EFBC}") = "AzureFuncWithAppInsightsAndDependencies", "AzureFuncWithAppInsightsAndDependencies\AzureFuncWithAppInsightsAndDependencies.csproj", "{44BC6503-82D5-4AF7-9D62-F81E6B3C51F8}"
EndProject
Global
	GlobalSection(SolutionConfigurationPlatforms) = preSolution
		Debug|Any CPU = Debug|Any CPU
		Release|Any CPU = Release|Any CPU
	EndGlobalSection
	GlobalSection(ProjectConfigurationPlatforms) = postSolution
		{44BC6503-82D5-4AF7-9D62-F81E6B3C51F8}.Debug|Any CPU.ActiveCfg = Debug|Any CPU
		{44BC6503-82D5-4AF7-9D62-F81E6B3C51F8}.Debug|Any CPU.Build.0 = Debug|Any CPU
		{44BC6503-82D5-4AF7-9D62-F81E6B3C51F8}.Release|Any CPU.ActiveCfg = Release|Any CPU
		{44BC6503-82D5-4AF7-9D62-F81E6B3C51F8}.Release|Any CPU.Build.0 = Release|Any CPU
	EndGlobalSection
	GlobalSection(SolutionProperties) = preSolution
		HideSolutionNode = FALSE
	EndGlobalSection
	GlobalSection(ExtensibilityGlobals) = postSolution
		SolutionGuid = {866DA312-76C7-4D28-8AB1-92374000D156}
	EndGlobalSection
EndGlobal
